
Microsoft Visual Studio Solution File, Format Version 12.00
# Visual Studio Version 16
VisualStudioVersion = 16.0.31702.278
MinimumVisualStudioVersion = 10.0.40219.1
Project("{FAE04EC0-301F-11D3-BF4B-00C04F79EFBC}") = "Task8.1P", "Task8.1P\Task8.1P.csproj", "{7C6CB4F7-8FB3-4893-AB4C-E5CC01E90CA5}"
EndProject
Global
	GlobalSection(SolutionConfigurationPlatforms) = preSolution
		Debug|Any CPU = Debug|Any CPU
		Release|Any CPU = Release|Any CPU
	EndGlobalSection
	GlobalSection(ProjectConfigurationPlatforms) = postSolution
		{7C6CB4F7-8FB3-4893-AB4C-E5CC01E90CA5}.Debug|Any CPU.ActiveCfg = Debug|Any CPU
		{7C6CB4F7-8FB3-4893-AB4C-E5CC01E90CA5}.Debug|Any CPU.Build.0 = Debug|Any CPU
		{7C6CB4F7-8FB3-4893-AB4C-E5CC01E90CA5}.Release|Any CPU.ActiveCfg = Release|Any CPU
		{7C6CB4F7-8FB3-4893-AB4C-E5CC01E90CA5}.Release|Any CPU.Build.0 = Release|Any CPU
	EndGlobalSection
	GlobalSection(SolutionProperties) = preSolution
		HideSolutionNode = FALSE
	EndGlobalSection
	GlobalSection(ExtensibilityGlobals) = postSolution
		SolutionGuid = {8E4F2027-C178-4D61-BE3A-DF2BE9CC9DFD}
	EndGlobalSection
EndGlobal
