
Microsoft Visual Studio Solution File, Format Version 12.00
# Visual Studio Version 16
VisualStudioVersion = 16.0.31702.278
MinimumVisualStudioVersion = 10.0.40219.1
Project("{FAE04EC0-301F-11D3-BF4B-00C04F79EFBC}") = "Shape Drawing", "Shape Drawing\Shape Drawing.csproj", "{D7AA8654-D125-434E-B6F5-4D0313866C27}"
EndProject
Global
	GlobalSection(SolutionConfigurationPlatforms) = preSolution
		Debug|Any CPU = Debug|Any CPU
		Release|Any CPU = Release|Any CPU
	EndGlobalSection
	GlobalSection(ProjectConfigurationPlatforms) = postSolution
		{D7AA8654-D125-434E-B6F5-4D0313866C27}.Debug|Any CPU.ActiveCfg = Debug|Any CPU
		{D7AA8654-D125-434E-B6F5-4D0313866C27}.Debug|Any CPU.Build.0 = Debug|Any CPU
		{D7AA8654-D125-434E-B6F5-4D0313866C27}.Release|Any CPU.ActiveCfg = Release|Any CPU
		{D7AA8654-D125-434E-B6F5-4D0313866C27}.Release|Any CPU.Build.0 = Release|Any CPU
	EndGlobalSection
	GlobalSection(SolutionProperties) = preSolution
		HideSolutionNode = FALSE
	EndGlobalSection
	GlobalSection(ExtensibilityGlobals) = postSolution
		SolutionGuid = {50C91C20-EBE3-4952-ABC8-AA6193FF8275}
	EndGlobalSection
EndGlobal
